
Microsoft Visual Studio Solution File, Format Version 12.00
# Visual Studio Version 16
VisualStudioVersion = 16.0.31729.503
MinimumVisualStudioVersion = 10.0.40219.1
Project("{FAE04EC0-301F-11D3-BF4B-00C04F79EFBC}") = "PdfCreatorWebJob", "PdfCreatorWebJob\PdfCreatorWebJob.csproj", "{791424CD-2558-4092-BF95-C521CF08944A}"
EndProject
Project("{FAE04EC0-301F-11D3-BF4B-00C04F79EFBC}") = "EbsClassPkg", "..\..\EBS - ClassPkg\EbsClassPkg\EbsClassPkg\EbsClassPkg.csproj", "{45538C7F-D0FA-490E-BE28-4B83FC9E1999}"
EndProject
Global
	GlobalSection(SolutionConfigurationPlatforms) = preSolution
		Debug|Any CPU = Debug|Any CPU
		Debug|x64 = Debug|x64
		Release|Any CPU = Release|Any CPU
		Release|x64 = Release|x64
	EndGlobalSection
	GlobalSection(ProjectConfigurationPlatforms) = postSolution
		{791424CD-2558-4092-BF95-C521CF08944A}.Debug|Any CPU.ActiveCfg = Debug|Any CPU
		{791424CD-2558-4092-BF95-C521CF08944A}.Debug|Any CPU.Build.0 = Debug|Any CPU
		{791424CD-2558-4092-BF95-C521CF08944A}.Debug|x64.ActiveCfg = Debug|Any CPU
		{791424CD-2558-4092-BF95-C521CF08944A}.Debug|x64.Build.0 = Debug|Any CPU
		{791424CD-2558-4092-BF95-C521CF08944A}.Release|Any CPU.ActiveCfg = Release|Any CPU
		{791424CD-2558-4092-BF95-C521CF08944A}.Release|Any CPU.Build.0 = Release|Any CPU
		{791424CD-2558-4092-BF95-C521CF08944A}.Release|x64.ActiveCfg = Release|Any CPU
		{791424CD-2558-4092-BF95-C521CF08944A}.Release|x64.Build.0 = Release|Any CPU
		{45538C7F-D0FA-490E-BE28-4B83FC9E1999}.Debug|Any CPU.ActiveCfg = Debug|Any CPU
		{45538C7F-D0FA-490E-BE28-4B83FC9E1999}.Debug|Any CPU.Build.0 = Debug|Any CPU
		{45538C7F-D0FA-490E-BE28-4B83FC9E1999}.Debug|x64.ActiveCfg = Debug|Any CPU
		{45538C7F-D0FA-490E-BE28-4B83FC9E1999}.Debug|x64.Build.0 = Debug|Any CPU
		{45538C7F-D0FA-490E-BE28-4B83FC9E1999}.Release|Any CPU.ActiveCfg = Release|Any CPU
		{45538C7F-D0FA-490E-BE28-4B83FC9E1999}.Release|Any CPU.Build.0 = Release|Any CPU
		{45538C7F-D0FA-490E-BE28-4B83FC9E1999}.Release|x64.ActiveCfg = Release|Any CPU
		{45538C7F-D0FA-490E-BE28-4B83FC9E1999}.Release|x64.Build.0 = Release|Any CPU
	EndGlobalSection
	GlobalSection(SolutionProperties) = preSolution
		HideSolutionNode = FALSE
	EndGlobalSection
	GlobalSection(ExtensibilityGlobals) = postSolution
		SolutionGuid = {6B24167A-F046-4A6C-BAAB-D5B7964A37CA}
	EndGlobalSection
EndGlobal
